PODS:
  - AparajitaCapacitorBiometricAuth (8.0.2):
    - Capacitor
  - Capacitor (6.2.0):
    - CapacitorCordova
  - CapacitorApp (6.0.2):
    - Capacitor
  - CapacitorBrowser (6.0.5):
    - Capacitor
  - CapacitorClipboard (6.0.2):
    - Capacitor
  - CapacitorCommunityBluetoothLe (6.1.0):
    - Capacitor
  - CapacitorCommunityFileOpener (6.0.1):
    - Capacitor
  - CapacitorCommunityGenericOauth2 (6.1.0):
    - Capacitor
    - OAuthSwift (= 2.2.0)
  - CapacitorCommunityInAppReview (6.0.0):
    - Capacitor
  - CapacitorCordova (6.2.0)
  - CapacitorDevice (6.0.2):
    - Capacitor
  - CapacitorFilesystem (6.0.3):
    - Capacitor
  - CapacitorFirebaseMessaging (6.3.1):
    - Capacitor
    - FirebaseMessaging (~> 11.0)
  - CapacitorHaptics (6.0.2):
    - Capacitor
  - CapacitorIcloudDrive (0.0.1):
    - Capacitor
  - CapacitorInappbrowser (1.0.2):
    - Capacitor
    - OSInAppBrowserLib (~> 1.0)
  - CapacitorKeyboard (6.0.3):
    - Capacitor
  - CapacitorLocalNotifications (6.1.2):
    - Capacitor
  - CapacitorMlkitBarcodeScanning (7.2.1):
    - Capacitor
    - GoogleMLKit/BarcodeScanning (= 7.0.0)
  - CapacitorNativeSettings (6.0.2):
    - Capacitor
  - CapacitorSecureStoragePlugin (0.10.0):
    - Capacitor
    - SwiftKeychainWrapper
  - CapacitorShare (6.0.3):
    - Capacitor
  - CapacitorShareExtension (0.0.1):
    - Capacitor
  - CapacitorSplashScreen (6.0.3):
    - Capacitor
  - CapacitorStatusBar (6.0.2):
    - Capacitor
  - CapawesomeCapacitorBadge (6.0.0):
    - Capacitor
  - CapgoCapacitorDataStorageSqlite (6.0.59):
    - Capacitor
    - SQLite.swift/SQLCipher
  - FirebaseCore (11.8.1):
    - FirebaseCoreInternal (~> 11.8.0)
    - GoogleUtilities/Environment (~> 8.0)
    - GoogleUtilities/Logger (~> 8.0)
  - FirebaseCoreInternal (11.8.0):
    - "GoogleUtilities/NSData+zlib (~> 8.0)"
  - FirebaseInstallations (11.8.0):
    - FirebaseCore (~> 11.8.0)
    - GoogleUtilities/Environment (~> 8.0)
    - GoogleUtilities/UserDefaults (~> 8.0)
    - PromisesObjC (~> 2.4)
  - FirebaseMessaging (11.8.0):
    - FirebaseCore (~> 11.8.0)
    - FirebaseInstallations (~> 11.0)
    - GoogleDataTransport (~> 10.0)
    - GoogleUtilities/AppDelegateSwizzler (~> 8.0)
    - GoogleUtilities/Environment (~> 8.0)
    - GoogleUtilities/Reachability (~> 8.0)
    - GoogleUtilities/UserDefaults (~> 8.0)
    - nanopb (~> 3.30910.0)
  - GCDWebServer (3.5.4):
    - GCDWebServer/Core (= 3.5.4)
  - GCDWebServer/Core (3.5.4)
  - GoogleDataTransport (10.1.0):
    - nanopb (~> 3.30910.0)
    - PromisesObjC (~> 2.4)
  - GoogleMLKit/BarcodeScanning (7.0.0):
    - GoogleMLKit/MLKitCore
    - MLKitBarcodeScanning (~> 6.0.0)
  - GoogleMLKit/MLKitCore (7.0.0):
    - MLKitCommon (~> 12.0.0)
  - GoogleToolboxForMac/Defines (4.2.1)
  - GoogleToolboxForMac/Logger (4.2.1):
    - GoogleToolboxForMac/Defines (= 4.2.1)
  - "GoogleToolboxForMac/NSData+zlib (4.2.1)":
    - GoogleToolboxForMac/Defines (= 4.2.1)
  - GoogleUtilities/AppDelegateSwizzler (8.0.2):
    - GoogleUtilities/Environment
    - GoogleUtilities/Logger
    - GoogleUtilities/Network
    - GoogleUtilities/Privacy
  - GoogleUtilities/Environment (8.0.2):
    - GoogleUtilities/Privacy
  - GoogleUtilities/Logger (8.0.2):
    - GoogleUtilities/Environment
    - GoogleUtilities/Privacy
  - GoogleUtilities/Network (8.0.2):
    - GoogleUtilities/Logger
    - "GoogleUtilities/NSData+zlib"
    - GoogleUtilities/Privacy
    - GoogleUtilities/Reachability
  - "GoogleUtilities/NSData+zlib (8.0.2)":
    - GoogleUtilities/Privacy
  - GoogleUtilities/Privacy (8.0.2)
  - GoogleUtilities/Reachability (8.0.2):
    - GoogleUtilities/Logger
    - GoogleUtilities/Privacy
  - GoogleUtilities/UserDefaults (8.0.2):
    - GoogleUtilities/Logger
    - GoogleUtilities/Privacy
  - GTMSessionFetcher/Core (3.5.0)
  - MLImage (1.0.0-beta6)
  - MLKitBarcodeScanning (6.0.0):
    - MLKitCommon (~> 12.0)
    - MLKitVision (~> 8.0)
  - MLKitCommon (12.0.0):
    - GoogleDataTransport (~> 10.0)
    - GoogleToolboxForMac/Logger (< 5.0, >= 4.2.1)
    - "GoogleToolboxForMac/NSData+zlib (< 5.0, >= 4.2.1)"
    - GoogleUtilities/Logger (~> 8.0)
    - GoogleUtilities/UserDefaults (~> 8.0)
    - GTMSessionFetcher/Core (< 4.0, >= 3.3.2)
  - MLKitVision (8.0.0):
    - GoogleToolboxForMac/Logger (< 5.0, >= 4.2.1)
    - "GoogleToolboxForMac/NSData+zlib (< 5.0, >= 4.2.1)"
    - GTMSessionFetcher/Core (< 4.0, >= 3.3.2)
    - MLImage (= 1.0.0-beta6)
    - MLKitCommon (~> 12.0)
  - nanopb (3.30910.0):
    - nanopb/decode (= 3.30910.0)
    - nanopb/encode (= 3.30910.0)
  - nanopb/decode (3.30910.0)
  - nanopb/encode (3.30910.0)
  - OAuthSwift (2.2.0)
  - OSInAppBrowserLib (1.0.0)
  - PromisesObjC (2.4.0)
  - SQLCipher (4.6.1):
    - SQLCipher/standard (= 4.6.1)
  - SQLCipher/common (4.6.1)
  - SQLCipher/standard (4.6.1):
    - SQLCipher/common
  - SQLite.swift/SQLCipher (0.15.3):
    - SQLCipher (>= 4.0.0)
  - SwiftKeychainWrapper (4.0.1)
  - TeamhiveCapacitorWebviewOverlay (3.1.1):
    - Capacitor
    - GCDWebServer

DEPENDENCIES:
  - "AparajitaCapacitorBiometricAuth (from `../../node_modules/.pnpm/@aparajita+capacitor-biometric-auth@8.0.2/node_modules/@aparajita/capacitor-biometric-auth`)"
  - "Capacitor (from `../../node_modules/.pnpm/@capacitor+ios@6.2.0_@capacitor+core@6.2.0/node_modules/@capacitor/ios`)"
  - "CapacitorApp (from `../../node_modules/.pnpm/@capacitor+app@6.0.2_@capacitor+core@6.2.0/node_modules/@capacitor/app`)"
  - "CapacitorBrowser (from `../../node_modules/.pnpm/@capacitor+browser@6.0.5_@capacitor+core@6.2.0/node_modules/@capacitor/browser`)"
  - "CapacitorClipboard (from `../../node_modules/.pnpm/@capacitor+clipboard@6.0.2_@capacitor+core@6.2.0/node_modules/@capacitor/clipboard`)"
  - "CapacitorCommunityBluetoothLe (from `../../node_modules/.pnpm/@capacitor-community+bluetooth-le@6.1.0_@capacitor+core@6.2.0/node_modules/@capacitor-community/bluetooth-le`)"
  - "CapacitorCommunityFileOpener (from `../../node_modules/.pnpm/@capacitor-community+file-opener@6.0.1_@capacitor+core@6.2.0/node_modules/@capacitor-community/file-opener`)"
  - "CapacitorCommunityGenericOauth2 (from `../../node_modules/.pnpm/@capacitor-community+generic-oauth2@6.1.0_@capacitor+core@6.2.0/node_modules/@capacitor-community/generic-oauth2`)"
  - "CapacitorCommunityInAppReview (from `../../node_modules/.pnpm/@capacitor-community+in-app-review@6.0.0_@capacitor+core@6.2.0/node_modules/@capacitor-community/in-app-review`)"
  - "CapacitorCordova (from `../../node_modules/.pnpm/@capacitor+ios@6.2.0_@capacitor+core@6.2.0/node_modules/@capacitor/ios`)"
  - "CapacitorDevice (from `../../node_modules/.pnpm/@capacitor+device@6.0.2_@capacitor+core@6.2.0/node_modules/@capacitor/device`)"
  - "CapacitorFilesystem (from `../../node_modules/.pnpm/@capacitor+filesystem@6.0.3_@capacitor+core@6.2.0/node_modules/@capacitor/filesystem`)"
  - "CapacitorFirebaseMessaging (from `../../node_modules/.pnpm/@capacitor-firebase+messaging@6.3.1_@capacitor+core@6.2.0_firebase@11.6.1/node_modules/@capacitor-firebase/messaging`)"
  - "CapacitorHaptics (from `../../node_modules/.pnpm/@capacitor+haptics@6.0.2_@capacitor+core@6.2.0/node_modules/@capacitor/haptics`)"
  - "CapacitorIcloudDrive (from `../../node_modules/.pnpm/capacitor-icloud-drive@https+++codeload.github.com+Benskalz+icloud-plugin+tar.gz+200a0acdb260_2jn66ruyyg5ba7nb3zqidzcnna/node_modules/capacitor-icloud-drive`)"
  - "CapacitorInappbrowser (from `../../node_modules/.pnpm/@capacitor+inappbrowser@1.0.2_@capacitor+core@6.2.0/node_modules/@capacitor/inappbrowser`)"
  - "CapacitorKeyboard (from `../../node_modules/.pnpm/@capacitor+keyboard@6.0.3_@capacitor+core@6.2.0/node_modules/@capacitor/keyboard`)"
  - "CapacitorLocalNotifications (from `../../node_modules/.pnpm/@capacitor+local-notifications@6.1.2_@capacitor+core@6.2.0/node_modules/@capacitor/local-notifications`)"
  - "CapacitorMlkitBarcodeScanning (from `../../node_modules/.pnpm/@capacitor-mlkit+barcode-scanning@7.2.1_@capacitor+core@6.2.0/node_modules/@capacitor-mlkit/barcode-scanning`)"
  - "CapacitorNativeSettings (from `../../node_modules/.pnpm/capacitor-native-settings@6.0.2_@capacitor+core@6.2.0/node_modules/capacitor-native-settings`)"
  - "CapacitorSecureStoragePlugin (from `../../node_modules/.pnpm/capacitor-secure-storage-plugin@0.10.0_@capacitor+core@6.2.0/node_modules/capacitor-secure-storage-plugin`)"
  - "CapacitorShare (from `../../node_modules/.pnpm/@capacitor+share@6.0.3_@capacitor+core@6.2.0/node_modules/@capacitor/share`)"
  - "CapacitorShareExtension (from `../../node_modules/.pnpm/capacitor-share-extension@3.0.0/node_modules/capacitor-share-extension`)"
  - "CapacitorSplashScreen (from `../../node_modules/.pnpm/@capacitor+splash-screen@6.0.3_@capacitor+core@6.2.0/node_modules/@capacitor/splash-screen`)"
  - "CapacitorStatusBar (from `../../node_modules/.pnpm/@capacitor+status-bar@6.0.2_@capacitor+core@6.2.0/node_modules/@capacitor/status-bar`)"
  - "CapawesomeCapacitorBadge (from `../../node_modules/.pnpm/@capawesome+capacitor-badge@6.0.0_@capacitor+core@6.2.0/node_modules/@capawesome/capacitor-badge`)"
  - "CapgoCapacitorDataStorageSqlite (from `../../node_modules/.pnpm/@capgo+capacitor-data-storage-sqlite@6.0.59_@capacitor+core@6.2.0_localforage@1.10.0/node_modules/@capgo/capacitor-data-storage-sqlite`)"
  - "TeamhiveCapacitorWebviewOverlay (from `../../node_modules/.pnpm/@teamhive+capacitor-webview-overlay@https+++codeload.github.com+Benskalz+capacitor-webview-ov_ojyzbwsqr6e6sasgzkkirvdmeu/node_modules/@teamhive/capacitor-webview-overlay`)"

SPEC REPOS:
  trunk:
    - FirebaseCore
    - FirebaseCoreInternal
    - FirebaseInstallations
    - FirebaseMessaging
    - GCDWebServer
    - GoogleDataTransport
    - GoogleMLKit
    - GoogleToolboxForMac
    - GoogleUtilities
    - GTMSessionFetcher
    - MLImage
    - MLKitBarcodeScanning
    - MLKitCommon
    - MLKitVision
    - nanopb
    - OAuthSwift
    - OSInAppBrowserLib
    - PromisesObjC
    - SQLCipher
    - SQLite.swift
    - SwiftKeychainWrapper

EXTERNAL SOURCES:
  AparajitaCapacitorBiometricAuth:
    :path: "../../node_modules/.pnpm/@aparajita+capacitor-biometric-auth@8.0.2/node_modules/@aparajita/capacitor-biometric-auth"
  Capacitor:
    :path: "../../node_modules/.pnpm/@capacitor+ios@6.2.0_@capacitor+core@6.2.0/node_modules/@capacitor/ios"
  CapacitorApp:
    :path: "../../node_modules/.pnpm/@capacitor+app@6.0.2_@capacitor+core@6.2.0/node_modules/@capacitor/app"
  CapacitorBrowser:
    :path: "../../node_modules/.pnpm/@capacitor+browser@6.0.5_@capacitor+core@6.2.0/node_modules/@capacitor/browser"
  CapacitorClipboard:
    :path: "../../node_modules/.pnpm/@capacitor+clipboard@6.0.2_@capacitor+core@6.2.0/node_modules/@capacitor/clipboard"
  CapacitorCommunityBluetoothLe:
    :path: "../../node_modules/.pnpm/@capacitor-community+bluetooth-le@6.1.0_@capacitor+core@6.2.0/node_modules/@capacitor-community/bluetooth-le"
  CapacitorCommunityFileOpener:
    :path: "../../node_modules/.pnpm/@capacitor-community+file-opener@6.0.1_@capacitor+core@6.2.0/node_modules/@capacitor-community/file-opener"
  CapacitorCommunityGenericOauth2:
    :path: "../../node_modules/.pnpm/@capacitor-community+generic-oauth2@6.1.0_@capacitor+core@6.2.0/node_modules/@capacitor-community/generic-oauth2"
  CapacitorCommunityInAppReview:
    :path: "../../node_modules/.pnpm/@capacitor-community+in-app-review@6.0.0_@capacitor+core@6.2.0/node_modules/@capacitor-community/in-app-review"
  CapacitorCordova:
    :path: "../../node_modules/.pnpm/@capacitor+ios@6.2.0_@capacitor+core@6.2.0/node_modules/@capacitor/ios"
  CapacitorDevice:
    :path: "../../node_modules/.pnpm/@capacitor+device@6.0.2_@capacitor+core@6.2.0/node_modules/@capacitor/device"
  CapacitorFilesystem:
    :path: "../../node_modules/.pnpm/@capacitor+filesystem@6.0.3_@capacitor+core@6.2.0/node_modules/@capacitor/filesystem"
  CapacitorFirebaseMessaging:
    :path: "../../node_modules/.pnpm/@capacitor-firebase+messaging@6.3.1_@capacitor+core@6.2.0_firebase@11.6.1/node_modules/@capacitor-firebase/messaging"
  CapacitorHaptics:
    :path: "../../node_modules/.pnpm/@capacitor+haptics@6.0.2_@capacitor+core@6.2.0/node_modules/@capacitor/haptics"
  CapacitorIcloudDrive:
    :path: "../../node_modules/.pnpm/capacitor-icloud-drive@https+++codeload.github.com+Benskalz+icloud-plugin+tar.gz+200a0acdb260_2jn66ruyyg5ba7nb3zqidzcnna/node_modules/capacitor-icloud-drive"
  CapacitorInappbrowser:
    :path: "../../node_modules/.pnpm/@capacitor+inappbrowser@1.0.2_@capacitor+core@6.2.0/node_modules/@capacitor/inappbrowser"
  CapacitorKeyboard:
    :path: "../../node_modules/.pnpm/@capacitor+keyboard@6.0.3_@capacitor+core@6.2.0/node_modules/@capacitor/keyboard"
  CapacitorLocalNotifications:
    :path: "../../node_modules/.pnpm/@capacitor+local-notifications@6.1.2_@capacitor+core@6.2.0/node_modules/@capacitor/local-notifications"
  CapacitorMlkitBarcodeScanning:
    :path: "../../node_modules/.pnpm/@capacitor-mlkit+barcode-scanning@7.2.1_@capacitor+core@6.2.0/node_modules/@capacitor-mlkit/barcode-scanning"
  CapacitorNativeSettings:
    :path: "../../node_modules/.pnpm/capacitor-native-settings@6.0.2_@capacitor+core@6.2.0/node_modules/capacitor-native-settings"
  CapacitorSecureStoragePlugin:
    :path: "../../node_modules/.pnpm/capacitor-secure-storage-plugin@0.10.0_@capacitor+core@6.2.0/node_modules/capacitor-secure-storage-plugin"
  CapacitorShare:
    :path: "../../node_modules/.pnpm/@capacitor+share@6.0.3_@capacitor+core@6.2.0/node_modules/@capacitor/share"
  CapacitorShareExtension:
    :path: "../../node_modules/.pnpm/capacitor-share-extension@3.0.0/node_modules/capacitor-share-extension"
  CapacitorSplashScreen:
    :path: "../../node_modules/.pnpm/@capacitor+splash-screen@6.0.3_@capacitor+core@6.2.0/node_modules/@capacitor/splash-screen"
  CapacitorStatusBar:
    :path: "../../node_modules/.pnpm/@capacitor+status-bar@6.0.2_@capacitor+core@6.2.0/node_modules/@capacitor/status-bar"
  CapawesomeCapacitorBadge:
    :path: "../../node_modules/.pnpm/@capawesome+capacitor-badge@6.0.0_@capacitor+core@6.2.0/node_modules/@capawesome/capacitor-badge"
  CapgoCapacitorDataStorageSqlite:
    :path: "../../node_modules/.pnpm/@capgo+capacitor-data-storage-sqlite@6.0.59_@capacitor+core@6.2.0_localforage@1.10.0/node_modules/@capgo/capacitor-data-storage-sqlite"
  TeamhiveCapacitorWebviewOverlay:
    :path: "../../node_modules/.pnpm/@teamhive+capacitor-webview-overlay@https+++codeload.github.com+Benskalz+capacitor-webview-ov_ojyzbwsqr6e6sasgzkkirvdmeu/node_modules/@teamhive/capacitor-webview-overlay"

SPEC CHECKSUMS:
  AparajitaCapacitorBiometricAuth: c058563fe00160e12b022341e11b3181357ea93a
  Capacitor: 05d35014f4425b0740fc8776481f6a369ad071bf
  CapacitorApp: e1e6b7d05e444d593ca16fd6d76f2b7c48b5aea7
  CapacitorBrowser: b468ac2db928e594b4d319727f3874743f9bcf96
  CapacitorClipboard: 4443c3cdb7c77b1533dfe3ff0f9f7756aa8579df
  CapacitorCommunityBluetoothLe: 0d4d197e0d0eadb84d4c3a6683768088253419d9
  CapacitorCommunityFileOpener: 6373ac7cf5b48ef7086927608aaba524f1e676e4
  CapacitorCommunityGenericOauth2: cd98e4a7b684b9fc4c857d6f904fc3fc11812802
  CapacitorCommunityInAppReview: e5c93959637a956ce993134734d7df90390ea167
  CapacitorCordova: b33e7f4aa4ed105dd43283acdd940964374a87d9
  CapacitorDevice: 9efd479d71d1baad74b75df531184c3f730eaa48
  CapacitorFilesystem: 59270a63c60836248812671aa3b15df673fbaf74
  CapacitorFirebaseMessaging: 05bf93285c8ae5aeaaddaa938ba1db4fda7305ad
  CapacitorHaptics: 4fc15afe22b123d093e6ace24d95e8e3b1f261b9
  CapacitorIcloudDrive: 569841d6bf4f6453dd4b868a3023f8321cfb360b
  CapacitorInappbrowser: ff7837d4d03094bbabac22414f0b20977e8f01f6
  CapacitorKeyboard: e89189ad398b815b6ff7e52271f0fb4f911a0a0a
  CapacitorLocalNotifications: 65d718c32cbcb753697627bea76dd4336ef85dc2
  CapacitorMlkitBarcodeScanning: 147c172f6e423618b156e050f715cfb963680ef4
  CapacitorNativeSettings: 082f8d0cf79260b62adf4f6cad34e0a248c0d1e6
  CapacitorSecureStoragePlugin: 545b51d782d35e61a39231ecf99a966b060a2cbb
  CapacitorShare: d2a742baec21c8f3b92b361a2fbd2401cdd8288e
  CapacitorShareExtension: b921d79692ad6a474f26ce504ee1e5e4c7681ac1
  CapacitorSplashScreen: fd8bf1bf9081d9aa8817b7cd37d740d1bdaf2fb2
  CapacitorStatusBar: b16799a26320ffa52f6c8b01737d5a95bbb8f3eb
  CapawesomeCapacitorBadge: 4df4bd752f7fcf0cedfc0748bca1cbe8a0e29794
  CapgoCapacitorDataStorageSqlite: 252c3760b30d606519559a72f44375208995420f
  FirebaseCore: 99fe0c4b44a39f37d99e6404e02009d2db5d718d
  FirebaseCoreInternal: df24ce5af28864660ecbd13596fc8dd3a8c34629
  FirebaseInstallations: 6c963bd2a86aca0481eef4f48f5a4df783ae5917
  FirebaseMessaging: 487b634ccdf6f7b7ff180fdcb2a9935490f764e8
  GCDWebServer: 2c156a56c8226e2d5c0c3f208a3621ccffbe3ce4
  GoogleDataTransport: aae35b7ea0c09004c3797d53c8c41f66f219d6a7
  GoogleMLKit: eff9e23ec1d90ea4157a1ee2e32a4f610c5b3318
  GoogleToolboxForMac: d1a2cbf009c453f4d6ded37c105e2f67a32206d8
  GoogleUtilities: 26a3abef001b6533cf678d3eb38fd3f614b7872d
  GTMSessionFetcher: 5aea5ba6bd522a239e236100971f10cb71b96ab6
  MLImage: 0ad1c5f50edd027672d8b26b0fee78a8b4a0fc56
  MLKitBarcodeScanning: 0a3064da0a7f49ac24ceb3cb46a5bc67496facd2
  MLKitCommon: 07c2c33ae5640e5380beaaa6e4b9c249a205542d
  MLKitVision: 45e79d68845a2de77e2dd4d7f07947f0ed157b0e
  nanopb: fad817b59e0457d11a5dfbde799381cd727c1275
  OAuthSwift: 75efbb5bd9a4b2b71a37bd7e986bf3f55ddd54c6
  OSInAppBrowserLib: c3d0b21a0c8b6d81e69117ad08bb6b8a4849c4e1
  PromisesObjC: f5707f49cb48b9636751c5b2e7d227e43fba9f47
  SQLCipher: 77fbe633cd84db04b07876dd50766b4924b57d61
  SQLite.swift: 8d054987f02728cc912b0eb5a9659650573a65a2
  SwiftKeychainWrapper: 807ba1d63c33a7d0613288512399cd1eda1e470c
  TeamhiveCapacitorWebviewOverlay: 95d258bd547084392cdbcb4d8c309cb5609e7ca7

PODFILE CHECKSUM: 57119c6a2927c9002c2bbf8966a4038ccfe6bd4f

COCOAPODS: 1.16.2
